// !$*UTF8*$!
{
	archiveVersion = 1;
	classes = {
	};
	objectVersion = 51;
	objects = {

/* Begin PBXBuildFile section */
		7130BFC524C6817600B9E04B /* NotificationService.m in Sources */ = {isa = PBXBuildFile; fileRef = 7130BFC424C6817600B9E04B /* NotificationService.m */; };
		7130BFC924C6817600B9E04B /* NotificationService.appex in Embed App Extensions */ = {isa = PBXBuildFile; fileRef = 7130BFC124C6817600B9E04B /* NotificationService.appex */; settings = {ATTRIBUTES = (RemoveHeadersOnCopy, ); }; };
		7130BFD424C6832F00B9E04B /* UserNotifications.framework in Frameworks */ = {isa = PBXBuildFile; fileRef = 7130BFD324C6832F00B9E04B /* UserNotifications.framework */; };
		7130BFD624C6832F00B9E04B /* UserNotificationsUI.framework in Frameworks */ = {isa = PBXBuildFile; fileRef = 7130BFD524C6832F00B9E04B /* UserNotificationsUI.framework */; };
		7130BFDA24C6832F00B9E04B /* NotificationViewController.m in Sources */ = {isa = PBXBuildFile; fileRef = 7130BFD924C6832F00B9E04B /* NotificationViewController.m */; };
		7130BFDD24C6832F00B9E04B /* MainInterface.storyboard in Resources */ = {isa = PBXBuildFile; fileRef = 7130BFDB24C6832F00B9E04B /* MainInterface.storyboard */; };
		7130BFE124C6832F00B9E04B /* NotificationContent.appex in Embed App Extensions */ = {isa = PBXBuildFile; fileRef = 7130BFD224C6832F00B9E04B /* NotificationContent.appex */; settings = {ATTRIBUTES = (RemoveHeadersOnCopy, ); }; };
		7132A15C240AB4B8007F9BE2 /* libc++.tbd in Frameworks */ = {isa = PBXBuildFile; fileRef = 7132A15B240AB4B8007F9BE2 /* libc++.tbd */; };
		7132A163240ABB92007F9BE2 /* libc.tbd in Frameworks */ = {isa = PBXBuildFile; fileRef = 7132A162240ABB92007F9BE2 /* libc.tbd */; };
		7191FCB323A6139A00FFFDC1 /* README.md in Resources */ = {isa = PBXBuildFile; fileRef = 7191FCB223A6139A00FFFDC1 /* README.md */; };
		719FDA5D2595FBFC000C25D6 /* Localizable.strings in Resources */ = {isa = PBXBuildFile; fileRef = 719FDA5F2595FBFC000C25D6 /* Localizable.strings */; };
		71C88A0726CA06E4000A42EE /* SELUpdateAlert.m in Sources */ = {isa = PBXBuildFile; fileRef = 71C88A0426CA06E4000A42EE /* SELUpdateAlert.m */; };
		71C88A0826CA06E4000A42EE /* SELUpdateAlertConst.m in Sources */ = {isa = PBXBuildFile; fileRef = 71C88A0526CA06E4000A42EE /* SELUpdateAlertConst.m */; };
		71D12BF726BD51A7000616C3 /* PassKit.framework in Frameworks */ = {isa = PBXBuildFile; fileRef = 71D12BF626BD51A7000616C3 /* PassKit.framework */; };
		71D140B6251EEAF00000137A /* libz.tbd in Frameworks */ = {isa = PBXBuildFile; fileRef = 71D140B5251EEAF00000137A /* libz.tbd */; };
		71D140B8251EEAFF0000137A /* PushKit.framework in Frameworks */ = {isa = PBXBuildFile; fileRef = 71D140B7251EEAFF0000137A /* PushKit.framework */; };
		71D140BA251EEB080000137A /* CFNetwork.framework in Frameworks */ = {isa = PBXBuildFile; fileRef = 71D140B9251EEB080000137A /* CFNetwork.framework */; };
		71D140BC251EEB120000137A /* Security.framework in Frameworks */ = {isa = PBXBuildFile; fileRef = 71D140BB251EEB120000137A /* Security.framework */; };
		71D140BE251EEB2F0000137A /* libicucore.tbd in Frameworks */ = {isa = PBXBuildFile; fileRef = 71D140BD251EEB2E0000137A /* libicucore.tbd */; };
		71D140C0251EEB3B0000137A /* VideoToolbox.framework in Frameworks */ = {isa = PBXBuildFile; fileRef = 71D140BF251EEB3B0000137A /* VideoToolbox.framework */; };
		71D140C2251EEB550000137A /* SystemConfiguration.framework in Frameworks */ = {isa = PBXBuildFile; fileRef = 71D140C1251EEB550000137A /* SystemConfiguration.framework */; };
		71D140C4251EEB660000137A /* AVFoundation.framework in Frameworks */ = {isa = PBXBuildFile; fileRef = 71D140C3251EEB660000137A /* AVFoundation.framework */; };
		71D140C7251EF1AD0000137A /* JavaScriptCore.framework in Frameworks */ = {isa = PBXBuildFile; fileRef = 71D140C6251EF1AD0000137A /* JavaScriptCore.framework */; };
		71D140C9251EF1B80000137A /* CoreMotion.framework in Frameworks */ = {isa = PBXBuildFile; fileRef = 71D140C8251EF1B80000137A /* CoreMotion.framework */; };
		71D1418F252017BA0000137A /* GLKit.framework in Frameworks */ = {isa = PBXBuildFile; fileRef = 71D1418E252017BA0000137A /* GLKit.framework */; };
		71D6960823926E3500D092BA /* AppDelegate.m in Sources */ = {isa = PBXBuildFile; fileRef = 71D6960723926E3500D092BA /* AppDelegate.m */; };
		71D6960B23926E3600D092BA /* ViewController.m in Sources */ = {isa = PBXBuildFile; fileRef = 71D6960A23926E3600D092BA /* ViewController.m */; };
		71D6960E23926E3600D092BA /* Main.storyboard in Resources */ = {isa = PBXBuildFile; fileRef = 71D6960C23926E3600D092BA /* Main.storyboard */; };
		71D6961023926E3700D092BA /* Assets.xcassets in Resources */ = {isa = PBXBuildFile; fileRef = 71D6960F23926E3700D092BA /* Assets.xcassets */; };
		71D6961323926E3700D092BA /* LaunchScreen.storyboard in Resources */ = {isa = PBXBuildFile; fileRef = 71D6961123926E3700D092BA /* LaunchScreen.storyboard */; };
		71D6961623926E3700D092BA /* main.m in Sources */ = {isa = PBXBuildFile; fileRef = 71D6961523926E3700D092BA /* main.m */; };
		71DB3FA6239B5DE700181E94 /* WKMainTabController.m in Sources */ = {isa = PBXBuildFile; fileRef = 71DB3FA5239B5DE700181E94 /* WKMainTabController.m */; };
		71F7E3DC2A47F66900E8D20D /* QUESTION.md in Resources */ = {isa = PBXBuildFile; fileRef = 71F7E3DB2A47F66900E8D20D /* QUESTION.md */; };
		EE1BF60007AE888BBCD21EE8 /* Pods_TangSengDaoDaoiOSBase_TangSengDaoDaoiOS.framework in Frameworks */ = {isa = PBXBuildFile; fileRef = 5CA0841FAD4ACC73F9DC603F /* Pods_TangSengDaoDaoiOSBase_TangSengDaoDaoiOS.framework */; };
/* End PBXBuildFile section */

/* Begin PBXContainerItemProxy section */
		7130BFC724C6817600B9E04B /* PBXContainerItemProxy */ = {
			isa = PBXContainerItemProxy;
			containerPortal = 71D695FB23926E3500D092BA /* Project object */;
			proxyType = 1;
			remoteGlobalIDString = 7130BFC024C6817600B9E04B;
			remoteInfo = NotificationService;
		};
		7130BFDF24C6832F00B9E04B /* PBXContainerItemProxy */ = {
			isa = PBXContainerItemProxy;
			containerPortal = 71D695FB23926E3500D092BA /* Project object */;
			proxyType = 1;
			remoteGlobalIDString = 7130BFD124C6832F00B9E04B;
			remoteInfo = NotificationContent;
		};
/* End PBXContainerItemProxy section */

/* Begin PBXCopyFilesBuildPhase section */
		7130BFCD24C6817600B9E04B /* Embed App Extensions */ = {
			isa = PBXCopyFilesBuildPhase;
			buildActionMask = 2147483647;
			dstPath = "";
			dstSubfolderSpec = 13;
			files = (
				7130BFC924C6817600B9E04B /* NotificationService.appex in Embed App Extensions */,
				7130BFE124C6832F00B9E04B /* NotificationContent.appex in Embed App Extensions */,
			);
			name = "Embed App Extensions";
			runOnlyForDeploymentPostprocessing = 0;
		};
/* End PBXCopyFilesBuildPhase section */

/* Begin PBXFileReference section */
		5CA0841FAD4ACC73F9DC603F /* Pods_TangSengDaoDaoiOSBase_TangSengDaoDaoiOS.framework */ = {isa = PBXFileReference; explicitFileType = wrapper.framework; includeInIndex = 0; path = Pods_TangSengDaoDaoiOSBase_TangSengDaoDaoiOS.framework; sourceTree = BUILT_PRODUCTS_DIR; };
		71018ED405ABC6ED8448075E /* Pods-TangSengDaoDaoiOSBase-TangSengDaoDaoiOS.release.xcconfig */ = {isa = PBXFileReference; includeInIndex = 1; lastKnownFileType = text.xcconfig; name = "Pods-TangSengDaoDaoiOSBase-TangSengDaoDaoiOS.release.xcconfig"; path = "Target Support Files/Pods-TangSengDaoDaoiOSBase-TangSengDaoDaoiOS/Pods-TangSengDaoDaoiOSBase-TangSengDaoDaoiOS.release.xcconfig"; sourceTree = "<group>"; };
		71275E7D240A7BD600A7502C /* UIKit.framework */ = {isa = PBXFileReference; lastKnownFileType = wrapper.framework; name = UIKit.framework; path = System/Library/Frameworks/UIKit.framework; sourceTree = SDKROOT; };
		71275E7F240A7BDB00A7502C /* MapKit.framework */ = {isa = PBXFileReference; lastKnownFileType = wrapper.framework; name = MapKit.framework; path = System/Library/Frameworks/MapKit.framework; sourceTree = SDKROOT; };
		71275E81240A7C2400A7502C /* Foundation.framework */ = {isa = PBXFileReference; lastKnownFileType = wrapper.framework; name = Foundation.framework; path = System/Library/Frameworks/Foundation.framework; sourceTree = SDKROOT; };
		7130BFC124C6817600B9E04B /* NotificationService.appex */ = {isa = PBXFileReference; explicitFileType = "wrapper.app-extension"; includeInIndex = 0; path = NotificationService.appex; sourceTree = BUILT_PRODUCTS_DIR; };
		7130BFC324C6817600B9E04B /* NotificationService.h */ = {isa = PBXFileReference; lastKnownFileType = sourcecode.c.h; path = NotificationService.h; sourceTree = "<group>"; };
		7130BFC424C6817600B9E04B /* NotificationService.m */ = {isa = PBXFileReference; lastKnownFileType = sourcecode.c.objc; path = NotificationService.m; sourceTree = "<group>"; };
		7130BFC624C6817600B9E04B /* Info.plist */ = {isa = PBXFileReference; lastKnownFileType = text.plist.xml; path = Info.plist; sourceTree = "<group>"; };
		7130BFD224C6832F00B9E04B /* NotificationContent.appex */ = {isa = PBXFileReference; explicitFileType = "wrapper.app-extension"; includeInIndex = 0; path = NotificationContent.appex; sourceTree = BUILT_PRODUCTS_DIR; };
		7130BFD324C6832F00B9E04B /* UserNotifications.framework */ = {isa = PBXFileReference; lastKnownFileType = wrapper.framework; name = UserNotifications.framework; path = System/Library/Frameworks/UserNotifications.framework; sourceTree = SDKROOT; };
		7130BFD524C6832F00B9E04B /* UserNotificationsUI.framework */ = {isa = PBXFileReference; lastKnownFileType = wrapper.framework; name = UserNotificationsUI.framework; path = System/Library/Frameworks/UserNotificationsUI.framework; sourceTree = SDKROOT; };
		7130BFD824C6832F00B9E04B /* NotificationViewController.h */ = {isa = PBXFileReference; lastKnownFileType = sourcecode.c.h; path = NotificationViewController.h; sourceTree = "<group>"; };
		7130BFD924C6832F00B9E04B /* NotificationViewController.m */ = {isa = PBXFileReference; lastKnownFileType = sourcecode.c.objc; path = NotificationViewController.m; sourceTree = "<group>"; };
		7130BFDC24C6832F00B9E04B /* Base */ = {isa = PBXFileReference; lastKnownFileType = file.storyboard; name = Base; path = Base.lproj/MainInterface.storyboard; sourceTree = "<group>"; };
		7130BFDE24C6832F00B9E04B /* Info.plist */ = {isa = PBXFileReference; lastKnownFileType = text.plist.xml; path = Info.plist; sourceTree = "<group>"; };
		7132A15B240AB4B8007F9BE2 /* libc++.tbd */ = {isa = PBXFileReference; lastKnownFileType = "sourcecode.text-based-dylib-definition"; name = "libc++.tbd"; path = "usr/lib/libc++.tbd"; sourceTree = SDKROOT; };
		7132A162240ABB92007F9BE2 /* libc.tbd */ = {isa = PBXFileReference; lastKnownFileType = "sourcecode.text-based-dylib-definition"; name = libc.tbd; path = usr/lib/libc.tbd; sourceTree = SDKROOT; };
		7191FCB223A6139A00FFFDC1 /* README.md */ = {isa = PBXFileReference; lastKnownFileType = net.daringfireball.markdown; path = README.md; sourceTree = "<group>"; };
		719FDA5E2595FBFC000C25D6 /* en */ = {isa = PBXFileReference; lastKnownFileType = text.plist.strings; name = en; path = en.lproj/Localizable.strings; sourceTree = "<group>"; };
		719FDA602595FC2C000C25D6 /* zh-Hans */ = {isa = PBXFileReference; lastKnownFileType = text.plist.strings; name = "zh-Hans"; path = "zh-Hans.lproj/Localizable.strings"; sourceTree = "<group>"; };
		71AA883E24057A6B000FCF65 /* TangSengDaoDao.entitlements */ = {isa = PBXFileReference; lastKnownFileType = text.plist.entitlements; path = TangSengDaoDao.entitlements; sourceTree = "<group>"; };
		71AB707E244CB611003EFC21 /* TangSengDaoDao-Bridging-Header.h */ = {isa = PBXFileReference; lastKnownFileType = sourcecode.c.h; path = "TangSengDaoDao-Bridging-Header.h"; sourceTree = "<group>"; };
		71C88A0326CA06E4000A42EE /* SELUpdateAlertConst.h */ = {isa = PBXFileReference; fileEncoding = 4; lastKnownFileType = sourcecode.c.h; path = SELUpdateAlertConst.h; sourceTree = "<group>"; };
		71C88A0426CA06E4000A42EE /* SELUpdateAlert.m */ = {isa = PBXFileReference; fileEncoding = 4; lastKnownFileType = sourcecode.c.objc; path = SELUpdateAlert.m; sourceTree = "<group>"; };
		71C88A0526CA06E4000A42EE /* SELUpdateAlertConst.m */ = {isa = PBXFileReference; fileEncoding = 4; lastKnownFileType = sourcecode.c.objc; path = SELUpdateAlertConst.m; sourceTree = "<group>"; };
		71C88A0626CA06E4000A42EE /* SELUpdateAlert.h */ = {isa = PBXFileReference; fileEncoding = 4; lastKnownFileType = sourcecode.c.h; path = SELUpdateAlert.h; sourceTree = "<group>"; };
		71D12BF626BD51A7000616C3 /* PassKit.framework */ = {isa = PBXFileReference; lastKnownFileType = wrapper.framework; name = PassKit.framework; path = System/Library/Frameworks/PassKit.framework; sourceTree = SDKROOT; };
		71D140B5251EEAF00000137A /* libz.tbd */ = {isa = PBXFileReference; lastKnownFileType = "sourcecode.text-based-dylib-definition"; name = libz.tbd; path = usr/lib/libz.tbd; sourceTree = SDKROOT; };
		71D140B7251EEAFF0000137A /* PushKit.framework */ = {isa = PBXFileReference; lastKnownFileType = wrapper.framework; name = PushKit.framework; path = System/Library/Frameworks/PushKit.framework; sourceTree = SDKROOT; };
		71D140B9251EEB080000137A /* CFNetwork.framework */ = {isa = PBXFileReference; lastKnownFileType = wrapper.framework; name = CFNetwork.framework; path = System/Library/Frameworks/CFNetwork.framework; sourceTree = SDKROOT; };
		71D140BB251EEB120000137A /* Security.framework */ = {isa = PBXFileReference; lastKnownFileType = wrapper.framework; name = Security.framework; path = System/Library/Frameworks/Security.framework; sourceTree = SDKROOT; };
		71D140BD251EEB2E0000137A /* libicucore.tbd */ = {isa = PBXFileReference; lastKnownFileType = "sourcecode.text-based-dylib-definition"; name = libicucore.tbd; path = usr/lib/libicucore.tbd; sourceTree = SDKROOT; };
		71D140BF251EEB3B0000137A /* VideoToolbox.framework */ = {isa = PBXFileReference; lastKnownFileType = wrapper.framework; name = VideoToolbox.framework; path = System/Library/Frameworks/VideoToolbox.framework; sourceTree = SDKROOT; };
		71D140C1251EEB550000137A /* SystemConfiguration.framework */ = {isa = PBXFileReference; lastKnownFileType = wrapper.framework; name = SystemConfiguration.framework; path = System/Library/Frameworks/SystemConfiguration.framework; sourceTree = SDKROOT; };
		71D140C3251EEB660000137A /* AVFoundation.framework */ = {isa = PBXFileReference; lastKnownFileType = wrapper.framework; name = AVFoundation.framework; path = System/Library/Frameworks/AVFoundation.framework; sourceTree = SDKROOT; };
		71D140C6251EF1AD0000137A /* JavaScriptCore.framework */ = {isa = PBXFileReference; lastKnownFileType = wrapper.framework; name = JavaScriptCore.framework; path = System/Library/Frameworks/JavaScriptCore.framework; sourceTree = SDKROOT; };
		71D140C8251EF1B80000137A /* CoreMotion.framework */ = {isa = PBXFileReference; lastKnownFileType = wrapper.framework; name = CoreMotion.framework; path = System/Library/Frameworks/CoreMotion.framework; sourceTree = SDKROOT; };
		71D1418E252017BA0000137A /* GLKit.framework */ = {isa = PBXFileReference; lastKnownFileType = wrapper.framework; name = GLKit.framework; path = System/Library/Frameworks/GLKit.framework; sourceTree = SDKROOT; };
		71D6960323926E3500D092BA /* TangSengDaoDao.app */ = {isa = PBXFileReference; explicitFileType = wrapper.application; includeInIndex = 0; path = TangSengDaoDao.app; sourceTree = BUILT_PRODUCTS_DIR; };
		71D6960623926E3500D092BA /* AppDelegate.h */ = {isa = PBXFileReference; lastKnownFileType = sourcecode.c.h; path = AppDelegate.h; sourceTree = "<group>"; };
		71D6960723926E3500D092BA /* AppDelegate.m */ = {isa = PBXFileReference; lastKnownFileType = sourcecode.c.objc; path = AppDelegate.m; sourceTree = "<group>"; };
		71D6960923926E3500D092BA /* ViewController.h */ = {isa = PBXFileReference; lastKnownFileType = sourcecode.c.h; path = ViewController.h; sourceTree = "<group>"; };
		71D6960A23926E3600D092BA /* ViewController.m */ = {isa = PBXFileReference; lastKnownFileType = sourcecode.c.objc; path = ViewController.m; sourceTree = "<group>"; };
		71D6960D23926E3600D092BA /* Base */ = {isa = PBXFileReference; lastKnownFileType = file.storyboard; name = Base; path = Base.lproj/Main.storyboard; sourceTree = "<group>"; };
		71D6960F23926E3700D092BA /* Assets.xcassets */ = {isa = PBXFileReference; lastKnownFileType = folder.assetcatalog; path = Assets.xcassets; sourceTree = "<group>"; };
		71D6961223926E3700D092BA /* Base */ = {isa = PBXFileReference; lastKnownFileType = file.storyboard; name = Base; path = Base.lproj/LaunchScreen.storyboard; sourceTree = "<group>"; };
		71D6961423926E3700D092BA /* Info.plist */ = {isa = PBXFileReference; lastKnownFileType = text.plist.xml; path = Info.plist; sourceTree = "<group>"; };
		71D6961523926E3700D092BA /* main.m */ = {isa = PBXFileReference; lastKnownFileType = sourcecode.c.objc; path = main.m; sourceTree = "<group>"; };
		71DB3FA4239B5DE700181E94 /* WKMainTabController.h */ = {isa = PBXFileReference; lastKnownFileType = sourcecode.c.h; path = WKMainTabController.h; sourceTree = "<group>"; };
		71DB3FA5239B5DE700181E94 /* WKMainTabController.m */ = {isa = PBXFileReference; lastKnownFileType = sourcecode.c.objc; path = WKMainTabController.m; sourceTree = "<group>"; };
		71F7E3DB2A47F66900E8D20D /* QUESTION.md */ = {isa = PBXFileReference; lastKnownFileType = net.daringfireball.markdown; path = QUESTION.md; sourceTree = "<group>"; };
		DE5455F84CCB2C45ED689AA0 /* Pods-TangSengDaoDaoiOSBase-TangSengDaoDaoiOS.debug.xcconfig */ = {isa = PBXFileReference; includeInIndex = 1; lastKnownFileType = text.xcconfig; name = "Pods-TangSengDaoDaoiOSBase-TangSengDaoDaoiOS.debug.xcconfig"; path = "Target Support Files/Pods-TangSengDaoDaoiOSBase-TangSengDaoDaoiOS/Pods-TangSengDaoDaoiOSBase-TangSengDaoDaoiOS.debug.xcconfig"; sourceTree = "<group>"; };
/* End PBXFileReference section */

/* Begin PBXFrameworksBuildPhase section */
		7130BFBE24C6817600B9E04B /* Frameworks */ = {
			isa = PBXFrameworksBuildPhase;
			buildActionMask = 2147483647;
			files = (
			);
			runOnlyForDeploymentPostprocessing = 0;
		};
		7130BFCF24C6832F00B9E04B /* Frameworks */ = {
			isa = PBXFrameworksBuildPhase;
			buildActionMask = 2147483647;
			files = (
				7130BFD624C6832F00B9E04B /* UserNotificationsUI.framework in Frameworks */,
				7130BFD424C6832F00B9E04B /* UserNotifications.framework in Frameworks */,
			);
			runOnlyForDeploymentPostprocessing = 0;
		};
		71D6960023926E3500D092BA /* Frameworks */ = {
			isa = PBXFrameworksBuildPhase;
			buildActionMask = 2147483647;
			files = (
				71D1418F252017BA0000137A /* GLKit.framework in Frameworks */,
				71D140C9251EF1B80000137A /* CoreMotion.framework in Frameworks */,
				71D140C7251EF1AD0000137A /* JavaScriptCore.framework in Frameworks */,
				71D140C4251EEB660000137A /* AVFoundation.framework in Frameworks */,
				71D140C2251EEB550000137A /* SystemConfiguration.framework in Frameworks */,
				71D140C0251EEB3B0000137A /* VideoToolbox.framework in Frameworks */,
				71D12BF726BD51A7000616C3 /* PassKit.framework in Frameworks */,
				71D140BE251EEB2F0000137A /* libicucore.tbd in Frameworks */,
				71D140BC251EEB120000137A /* Security.framework in Frameworks */,
				71D140BA251EEB080000137A /* CFNetwork.framework in Frameworks */,
				71D140B8251EEAFF0000137A /* PushKit.framework in Frameworks */,
				71D140B6251EEAF00000137A /* libz.tbd in Frameworks */,
				7132A163240ABB92007F9BE2 /* libc.tbd in Frameworks */,
				7132A15C240AB4B8007F9BE2 /* libc++.tbd in Frameworks */,
				EE1BF60007AE888BBCD21EE8 /* Pods_TangSengDaoDaoiOSBase_TangSengDaoDaoiOS.framework in Frameworks */,
			);
			runOnlyForDeploymentPostprocessing = 0;
		};
/* End PBXFrameworksBuildPhase section */

/* Begin PBXGroup section */
		1882D30109100A187BA46643 /* Frameworks */ = {
			isa = PBXGroup;
			children = (
				71D12BF626BD51A7000616C3 /* PassKit.framework */,
				71D1418E252017BA0000137A /* GLKit.framework */,
				71D140C8251EF1B80000137A /* CoreMotion.framework */,
				71D140C6251EF1AD0000137A /* JavaScriptCore.framework */,
				71D140C3251EEB660000137A /* AVFoundation.framework */,
				71D140C1251EEB550000137A /* SystemConfiguration.framework */,
				71D140BF251EEB3B0000137A /* VideoToolbox.framework */,
				71D140BD251EEB2E0000137A /* libicucore.tbd */,
				71D140BB251EEB120000137A /* Security.framework */,
				71D140B9251EEB080000137A /* CFNetwork.framework */,
				71D140B7251EEAFF0000137A /* PushKit.framework */,
				71D140B5251EEAF00000137A /* libz.tbd */,
				7132A162240ABB92007F9BE2 /* libc.tbd */,
				7132A15B240AB4B8007F9BE2 /* libc++.tbd */,
				71275E81240A7C2400A7502C /* Foundation.framework */,
				71275E7F240A7BDB00A7502C /* MapKit.framework */,
				71275E7D240A7BD600A7502C /* UIKit.framework */,
				7130BFD324C6832F00B9E04B /* UserNotifications.framework */,
				7130BFD524C6832F00B9E04B /* UserNotificationsUI.framework */,
				5CA0841FAD4ACC73F9DC603F /* Pods_TangSengDaoDaoiOSBase_TangSengDaoDaoiOS.framework */,
			);
			name = Frameworks;
			sourceTree = "<group>";
		};
		7130BFC224C6817600B9E04B /* NotificationService */ = {
			isa = PBXGroup;
			children = (
				7130BFC324C6817600B9E04B /* NotificationService.h */,
				7130BFC424C6817600B9E04B /* NotificationService.m */,
				7130BFC624C6817600B9E04B /* Info.plist */,
			);
			path = NotificationService;
			sourceTree = "<group>";
		};
		7130BFD724C6832F00B9E04B /* NotificationContent */ = {
			isa = PBXGroup;
			children = (
				7130BFD824C6832F00B9E04B /* NotificationViewController.h */,
				7130BFD924C6832F00B9E04B /* NotificationViewController.m */,
				7130BFDB24C6832F00B9E04B /* MainInterface.storyboard */,
				7130BFDE24C6832F00B9E04B /* Info.plist */,
			);
			path = NotificationContent;
			sourceTree = "<group>";
		};
		71C88A0126CA06E4000A42EE /* Vendor */ = {
			isa = PBXGroup;
			children = (
				71C88A0226CA06E4000A42EE /* UpdateAlert */,
			);
			path = Vendor;
			sourceTree = "<group>";
		};
		71C88A0226CA06E4000A42EE /* UpdateAlert */ = {
			isa = PBXGroup;
			children = (
				71C88A0326CA06E4000A42EE /* SELUpdateAlertConst.h */,
				71C88A0426CA06E4000A42EE /* SELUpdateAlert.m */,
				71C88A0526CA06E4000A42EE /* SELUpdateAlertConst.m */,
				71C88A0626CA06E4000A42EE /* SELUpdateAlert.h */,
			);
			path = UpdateAlert;
			sourceTree = "<group>";
		};
		71D695FA23926E3500D092BA = {
			isa = PBXGroup;
			children = (
				71F7E3DB2A47F66900E8D20D /* QUESTION.md */,
				71C88A0126CA06E4000A42EE /* Vendor */,
				7191FCB223A6139A00FFFDC1 /* README.md */,
				71D6960523926E3500D092BA /* TangSengDaoDao */,
				7130BFC224C6817600B9E04B /* NotificationService */,
				7130BFD724C6832F00B9E04B /* NotificationContent */,
				71D6960423926E3500D092BA /* Products */,
				D0600169DB45E883707B86A6 /* Pods */,
				1882D30109100A187BA46643 /* Frameworks */,
				71AB707E244CB611003EFC21 /* TangSengDaoDao-Bridging-Header.h */,
			);
			sourceTree = "<group>";
		};
		71D6960423926E3500D092BA /* Products */ = {
			isa = PBXGroup;
			children = (
				71D6960323926E3500D092BA /* TangSengDaoDao.app */,
				7130BFC124C6817600B9E04B /* NotificationService.appex */,
				7130BFD224C6832F00B9E04B /* NotificationContent.appex */,
			);
			name = Products;
			sourceTree = "<group>";
		};
		71D6960523926E3500D092BA /* TangSengDaoDao */ = {
			isa = PBXGroup;
			children = (
				71AA883E24057A6B000FCF65 /* TangSengDaoDao.entitlements */,
				71D6960623926E3500D092BA /* AppDelegate.h */,
				71D6960723926E3500D092BA /* AppDelegate.m */,
				71D6960923926E3500D092BA /* ViewController.h */,
				71D6960A23926E3600D092BA /* ViewController.m */,
				71D6960C23926E3600D092BA /* Main.storyboard */,
				71D6960F23926E3700D092BA /* Assets.xcassets */,
				71D6961123926E3700D092BA /* LaunchScreen.storyboard */,
				71D6961423926E3700D092BA /* Info.plist */,
				71D6961523926E3700D092BA /* main.m */,
				71DB3FA4239B5DE700181E94 /* WKMainTabController.h */,
				71DB3FA5239B5DE700181E94 /* WKMainTabController.m */,
				719FDA5F2595FBFC000C25D6 /* Localizable.strings */,
			);
			path = TangSengDaoDao;
			sourceTree = "<group>";
		};
		D0600169DB45E883707B86A6 /* Pods */ = {
			isa = PBXGroup;
			children = (
				DE5455F84CCB2C45ED689AA0 /* Pods-TangSengDaoDaoiOSBase-TangSengDaoDaoiOS.debug.xcconfig */,
				71018ED405ABC6ED8448075E /* Pods-TangSengDaoDaoiOSBase-TangSengDaoDaoiOS.release.xcconfig */,
			);
			path = Pods;
			sourceTree = "<group>";
		};
/* End PBXGroup section */

/* Begin PBXNativeTarget section */
		7130BFC024C6817600B9E04B /* NotificationService */ = {
			isa = PBXNativeTarget;
			buildConfigurationList = 7130BFCA24C6817600B9E04B /* Build configuration list for PBXNativeTarget "NotificationService" */;
			buildPhases = (
				7130BFBD24C6817600B9E04B /* Sources */,
				7130BFBE24C6817600B9E04B /* Frameworks */,
				7130BFBF24C6817600B9E04B /* Resources */,
			);
			buildRules = (
			);
			dependencies = (
			);
			name = NotificationService;
			productName = NotificationService;
			productReference = 7130BFC124C6817600B9E04B /* NotificationService.appex */;
			productType = "com.apple.product-type.app-extension";
		};
		7130BFD124C6832F00B9E04B /* NotificationContent */ = {
			isa = PBXNativeTarget;
			buildConfigurationList = 7130BFE224C6832F00B9E04B /* Build configuration list for PBXNativeTarget "NotificationContent" */;
			buildPhases = (
				7130BFCE24C6832F00B9E04B /* Sources */,
				7130BFCF24C6832F00B9E04B /* Frameworks */,
				7130BFD024C6832F00B9E04B /* Resources */,
			);
			buildRules = (
			);
			dependencies = (
			);
			name = NotificationContent;
			productName = NotificationContent;
			productReference = 7130BFD224C6832F00B9E04B /* NotificationContent.appex */;
			productType = "com.apple.product-type.app-extension";
		};
		71D6960223926E3500D092BA /* TangSengDaoDaoiOS */ = {
			isa = PBXNativeTarget;
			buildConfigurationList = 71D6962F23926E3700D092BA /* Build configuration list for PBXNativeTarget "TangSengDaoDaoiOS" */;
			buildPhases = (
				05215A064B84F8912C5000D5 /* [CP] Check Pods Manifest.lock */,
				71D695FF23926E3500D092BA /* Sources */,
				71D6960023926E3500D092BA /* Frameworks */,
				71D6960123926E3500D092BA /* Resources */,
				7130BFCD24C6817600B9E04B /* Embed App Extensions */,
				410EB1233C71A847B3317F56 /* [CP] Embed Pods Frameworks */,
				226080781FB6655A65603BCF /* [CP] Copy Pods Resources */,
			);
			buildRules = (
			);
			dependencies = (
				7130BFC824C6817600B9E04B /* PBXTargetDependency */,
				7130BFE024C6832F00B9E04B /* PBXTargetDependency */,
			);
			name = TangSengDaoDaoiOS;
			productName = LiMaoIMDemo;
			productReference = 71D6960323926E3500D092BA /* TangSengDaoDao.app */;
			productType = "com.apple.product-type.application";
		};
/* End PBXNativeTarget section */

/* Begin PBXProject section */
		71D695FB23926E3500D092BA /* Project object */ = {
			isa = PBXProject;
			attributes = {
				CLASSPREFIX = WK;
				DefaultBuildSystemTypeForWorkspace = Original;
				LastUpgradeCheck = 1310;
				ORGANIZATIONNAME = WK;
				TargetAttributes = {
					7130BFC024C6817600B9E04B = {
						CreatedOnToolsVersion = 11.6;
					};
					7130BFD124C6832F00B9E04B = {
						CreatedOnToolsVersion = 11.6;
					};
					71D6960223926E3500D092BA = {
						CreatedOnToolsVersion = 10.2.1;
						LastSwiftMigration = 1140;
					};
				};
			};
			buildConfigurationList = 71D695FE23926E3500D092BA /* Build configuration list for PBXProject "TangSengDaoDaoiOS" */;
			compatibilityVersion = "Xcode 9.3";
			developmentRegion = en;
			hasScannedForEncodings = 0;
			knownRegions = (
				en,
				Base,
				"zh-Hans",
			);
			mainGroup = 71D695FA23926E3500D092BA;
			productRefGroup = 71D6960423926E3500D092BA /* Products */;
			projectDirPath = "";
			projectRoot = "";
			targets = (
				71D6960223926E3500D092BA /* TangSengDaoDaoiOS */,
				7130BFC024C6817600B9E04B /* NotificationService */,
				7130BFD124C6832F00B9E04B /* NotificationContent */,
			);
		};
/* End PBXProject section */

/* Begin PBXResourcesBuildPhase section */
		7130BFBF24C6817600B9E04B /* Resources */ = {
			isa = PBXResourcesBuildPhase;
			buildActionMask = 2147483647;
			files = (
			);
			runOnlyForDeploymentPostprocessing = 0;
		};
		7130BFD024C6832F00B9E04B /* Resources */ = {
			isa = PBXResourcesBuildPhase;
			buildActionMask = 2147483647;
			files = (
				7130BFDD24C6832F00B9E04B /* MainInterface.storyboard in Resources */,
			);
			runOnlyForDeploymentPostprocessing = 0;
		};
		71D6960123926E3500D092BA /* Resources */ = {
			isa = PBXResourcesBuildPhase;
			buildActionMask = 2147483647;
			files = (
				71D6961323926E3700D092BA /* LaunchScreen.storyboard in Resources */,
				719FDA5D2595FBFC000C25D6 /* Localizable.strings in Resources */,
				71F7E3DC2A47F66900E8D20D /* QUESTION.md in Resources */,
				71D6961023926E3700D092BA /* Assets.xcassets in Resources */,
				7191FCB323A6139A00FFFDC1 /* README.md in Resources */,
				71D6960E23926E3600D092BA /* Main.storyboard in Resources */,
			);
			runOnlyForDeploymentPostprocessing = 0;
		};
/* End PBXResourcesBuildPhase section */

/* Begin PBXShellScriptBuildPhase section */
		05215A064B84F8912C5000D5 /* [CP] Check Pods Manifest.lock */ = {
			isa = PBXShellScriptBuildPhase;
			buildActionMask = 2147483647;
			files = (
			);
			inputFileListPaths = (
			);
			inputPaths = (
				"${PODS_PODFILE_DIR_PATH}/Podfile.lock",
				"${PODS_ROOT}/Manifest.lock",
			);
			name = "[CP] Check Pods Manifest.lock";
			outputFileListPaths = (
			);
			outputPaths = (
				"$(DERIVED_FILE_DIR)/Pods-TangSengDaoDaoiOSBase-TangSengDaoDaoiOS-checkManifestLockResult.txt",
			);
			runOnlyForDeploymentPostprocessing = 0;
			shellPath = /bin/sh;
			shellScript = "diff \"${PODS_PODFILE_DIR_PATH}/Podfile.lock\" \"${PODS_ROOT}/Manifest.lock\" > /dev/null\nif [ $? != 0 ] ; then\n    # print error to STDERR\n    echo \"error: The sandbox is not in sync with the Podfile.lock. Run 'pod install' or update your CocoaPods installation.\" >&2\n    exit 1\nfi\n# This output is used by Xcode 'outputs' to avoid re-running this script phase.\necho \"SUCCESS\" > \"${SCRIPT_OUTPUT_FILE_0}\"\n";
			showEnvVarsInLog = 0;
		};
		226080781FB6655A65603BCF /* [CP] Copy Pods Resources */ = {
			isa = PBXShellScriptBuildPhase;
			buildActionMask = 2147483647;
			files = (
			);
			inputFileListPaths = (
				"${PODS_ROOT}/Target Support Files/Pods-TangSengDaoDaoiOSBase-TangSengDaoDaoiOS/Pods-TangSengDaoDaoiOSBase-TangSengDaoDaoiOS-resources-${CONFIGURATION}-input-files.xcfilelist",
			);
			name = "[CP] Copy Pods Resources";
			outputFileListPaths = (
				"${PODS_ROOT}/Target Support Files/Pods-TangSengDaoDaoiOSBase-TangSengDaoDaoiOS/Pods-TangSengDaoDaoiOSBase-TangSengDaoDaoiOS-resources-${CONFIGURATION}-output-files.xcfilelist",
			);
			runOnlyForDeploymentPostprocessing = 0;
			shellPath = /bin/sh;
			shellScript = "\"${PODS_ROOT}/Target Support Files/Pods-TangSengDaoDaoiOSBase-TangSengDaoDaoiOS/Pods-TangSengDaoDaoiOSBase-TangSengDaoDaoiOS-resources.sh\"\n";
			showEnvVarsInLog = 0;
		};
		410EB1233C71A847B3317F56 /* [CP] Embed Pods Frameworks */ = {
			isa = PBXShellScriptBuildPhase;
			buildActionMask = 2147483647;
			files = (
			);
			inputFileListPaths = (
				"${PODS_ROOT}/Target Support Files/Pods-TangSengDaoDaoiOSBase-TangSengDaoDaoiOS/Pods-TangSengDaoDaoiOSBase-TangSengDaoDaoiOS-frameworks-${CONFIGURATION}-input-files.xcfilelist",
			);
			name = "[CP] Embed Pods Frameworks";
			outputFileListPaths = (
				"${PODS_ROOT}/Target Support Files/Pods-TangSengDaoDaoiOSBase-TangSengDaoDaoiOS/Pods-TangSengDaoDaoiOSBase-TangSengDaoDaoiOS-frameworks-${CONFIGURATION}-output-files.xcfilelist",
			);
			runOnlyForDeploymentPostprocessing = 0;
			shellPath = /bin/sh;
			shellScript = "\"${PODS_ROOT}/Target Support Files/Pods-TangSengDaoDaoiOSBase-TangSengDaoDaoiOS/Pods-TangSengDaoDaoiOSBase-TangSengDaoDaoiOS-frameworks.sh\"\n";
			showEnvVarsInLog = 0;
		};
/* End PBXShellScriptBuildPhase section */

/* Begin PBXSourcesBuildPhase section */
		7130BFBD24C6817600B9E04B /* Sources */ = {
			isa = PBXSourcesBuildPhase;
			buildActionMask = 2147483647;
			files = (
				7130BFC524C6817600B9E04B /* NotificationService.m in Sources */,
			);
			runOnlyForDeploymentPostprocessing = 0;
		};
		7130BFCE24C6832F00B9E04B /* Sources */ = {
			isa = PBXSourcesBuildPhase;
			buildActionMask = 2147483647;
			files = (
				7130BFDA24C6832F00B9E04B /* NotificationViewController.m in Sources */,
			);
			runOnlyForDeploymentPostprocessing = 0;
		};
		71D695FF23926E3500D092BA /* Sources */ = {
			isa = PBXSourcesBuildPhase;
			buildActionMask = 2147483647;
			files = (
				71D6960B23926E3600D092BA /* ViewController.m in Sources */,
				71C88A0726CA06E4000A42EE /* SELUpdateAlert.m in Sources */,
				71C88A0826CA06E4000A42EE /* SELUpdateAlertConst.m in Sources */,
				71D6961623926E3700D092BA /* main.m in Sources */,
				71D6960823926E3500D092BA /* AppDelegate.m in Sources */,
				71DB3FA6239B5DE700181E94 /* WKMainTabController.m in Sources */,
			);
			runOnlyForDeploymentPostprocessing = 0;
		};
/* End PBXSourcesBuildPhase section */

/* Begin PBXTargetDependency section */
		7130BFC824C6817600B9E04B /* PBXTargetDependency */ = {
			isa = PBXTargetDependency;
			target = 7130BFC024C6817600B9E04B /* NotificationService */;
			targetProxy = 7130BFC724C6817600B9E04B /* PBXContainerItemProxy */;
		};
		7130BFE024C6832F00B9E04B /* PBXTargetDependency */ = {
			isa = PBXTargetDependency;
			target = 7130BFD124C6832F00B9E04B /* NotificationContent */;
			targetProxy = 7130BFDF24C6832F00B9E04B /* PBXContainerItemProxy */;
		};
/* End PBXTargetDependency section */

/* Begin PBXVariantGroup section */
		7130BFDB24C6832F00B9E04B /* MainInterface.storyboard */ = {
			isa = PBXVariantGroup;
			children = (
				7130BFDC24C6832F00B9E04B /* Base */,
			);
			name = MainInterface.storyboard;
			sourceTree = "<group>";
		};
		719FDA5F2595FBFC000C25D6 /* Localizable.strings */ = {
			isa = PBXVariantGroup;
			children = (
				719FDA5E2595FBFC000C25D6 /* en */,
				719FDA602595FC2C000C25D6 /* zh-Hans */,
			);
			name = Localizable.strings;
			sourceTree = "<group>";
		};
		71D6960C23926E3600D092BA /* Main.storyboard */ = {
			isa = PBXVariantGroup;
			children = (
				71D6960D23926E3600D092BA /* Base */,
			);
			name = Main.storyboard;
			sourceTree = "<group>";
		};
		71D6961123926E3700D092BA /* LaunchScreen.storyboard */ = {
			isa = PBXVariantGroup;
			children = (
				71D6961223926E3700D092BA /* Base */,
			);
			name = LaunchScreen.storyboard;
			sourceTree = "<group>";
		};
/* End PBXVariantGroup section */

/* Begin XCBuildConfiguration section */
		7130BFCB24C6817600B9E04B /* Debug */ = {
			isa = XCBuildConfiguration;
			buildSettings = {
				ALWAYS_EMBED_SWIFT_STANDARD_LIBRARIES = YES;
				CODE_SIGN_IDENTITY = "Apple Development";
				CODE_SIGN_STYLE = Automatic;
				CURRENT_PROJECT_VERSION = 1;
				DEVELOPMENT_TEAM = H8PU463W68;
				INFOPLIST_FILE = NotificationService/Info.plist;
				IPHONEOS_DEPLOYMENT_TARGET = 12.0;
				LD_RUNPATH_SEARCH_PATHS = (
					"$(inherited)",
					"@executable_path/Frameworks",
					"@executable_path/../../Frameworks",
				);
				MARKETING_VERSION = 1.0.0;
				PRODUCT_BUNDLE_IDENTIFIER = com.xinbida.tangsengdaodao.NotificationService;
				PRODUCT_NAME = "$(TARGET_NAME)";
				PROVISIONING_PROFILE_SPECIFIER = "";
				SKIP_INSTALL = YES;
				TARGETED_DEVICE_FAMILY = 1;
			};
			name = Debug;
		};
		7130BFCC24C6817600B9E04B /* Release */ = {
			isa = XCBuildConfiguration;
			buildSettings = {
				ALWAYS_EMBED_SWIFT_STANDARD_LIBRARIES = YES;
				CODE_SIGN_IDENTITY = "Apple Development";
				CODE_SIGN_STYLE = Automatic;
				CURRENT_PROJECT_VERSION = 1;
				DEVELOPMENT_TEAM = H8PU463W68;
				INFOPLIST_FILE = NotificationService/Info.plist;
				IPHONEOS_DEPLOYMENT_TARGET = 12.0;
				LD_RUNPATH_SEARCH_PATHS = (
					"$(inherited)",
					"@executable_path/Frameworks",
					"@executable_path/../../Frameworks",
				);
				MARKETING_VERSION = 1.0.0;
				PRODUCT_BUNDLE_IDENTIFIER = com.xinbida.tangsengdaodao.NotificationService;
				PRODUCT_NAME = "$(TARGET_NAME)";
				PROVISIONING_PROFILE_SPECIFIER = "";
				SKIP_INSTALL = YES;
				TARGETED_DEVICE_FAMILY = 1;
			};
			name = Release;
		};
		7130BFE324C6832F00B9E04B /* Debug */ = {
			isa = XCBuildConfiguration;
			buildSettings = {
				ALWAYS_EMBED_SWIFT_STANDARD_LIBRARIES = YES;
				CODE_SIGN_IDENTITY = "Apple Development";
				CODE_SIGN_STYLE = Automatic;
				CURRENT_PROJECT_VERSION = 1;
				DEVELOPMENT_TEAM = H8PU463W68;
				INFOPLIST_FILE = NotificationContent/Info.plist;
				IPHONEOS_DEPLOYMENT_TARGET = 12.0;
				LD_RUNPATH_SEARCH_PATHS = (
					"$(inherited)",
					"@executable_path/Frameworks",
					"@executable_path/../../Frameworks",
				);
				MARKETING_VERSION = 1.0.0;
				PRODUCT_BUNDLE_IDENTIFIER = com.xinbida.tangsengdaodao.NotificationContent;
				PRODUCT_NAME = "$(TARGET_NAME)";
				PROVISIONING_PROFILE_SPECIFIER = "";
				SKIP_INSTALL = YES;
				TARGETED_DEVICE_FAMILY = 1;
			};
			name = Debug;
		};
		7130BFE424C6832F00B9E04B /* Release */ = {
			isa = XCBuildConfiguration;
			buildSettings = {
				ALWAYS_EMBED_SWIFT_STANDARD_LIBRARIES = YES;
				CODE_SIGN_IDENTITY = "Apple Development";
				CODE_SIGN_STYLE = Automatic;
				CURRENT_PROJECT_VERSION = 1;
				DEVELOPMENT_TEAM = H8PU463W68;
				INFOPLIST_FILE = NotificationContent/Info.plist;
				IPHONEOS_DEPLOYMENT_TARGET = 12.0;
				LD_RUNPATH_SEARCH_PATHS = (
					"$(inherited)",
					"@executable_path/Frameworks",
					"@executable_path/../../Frameworks",
				);
				MARKETING_VERSION = 1.0.0;
				PRODUCT_BUNDLE_IDENTIFIER = com.xinbida.tangsengdaodao.NotificationContent;
				PRODUCT_NAME = "$(TARGET_NAME)";
				PROVISIONING_PROFILE_SPECIFIER = "";
				SKIP_INSTALL = YES;
				TARGETED_DEVICE_FAMILY = 1;
			};
			name = Release;
		};
		71D6962D23926E3700D092BA /* Debug */ = {
			isa = XCBuildConfiguration;
			buildSettings = {
				ALWAYS_EMBED_SWIFT_STANDARD_LIBRARIES = YES;
				ALWAYS_SEARCH_USER_PATHS = NO;
				ARCHS = "$(ARCHS_STANDARD)";
				CLANG_ANALYZER_LOCALIZABILITY_NONLOCALIZED = YES;
				CLANG_ANALYZER_NONNULL = YES;
				CLANG_ANALYZER_NUMBER_OBJECT_CONVERSION = YES_AGGRESSIVE;
				CLANG_CXX_LANGUAGE_STANDARD = "gnu++14";
				CLANG_CXX_LIBRARY = "libc++";
				CLANG_ENABLE_MODULES = YES;
				CLANG_ENABLE_OBJC_ARC = YES;
				CLANG_ENABLE_OBJC_WEAK = YES;
				CLANG_WARN_BLOCK_CAPTURE_AUTORELEASING = YES;
				CLANG_WARN_BOOL_CONVERSION = YES;
				CLANG_WARN_COMMA = YES;
				CLANG_WARN_CONSTANT_CONVERSION = YES;
				CLANG_WARN_DEPRECATED_OBJC_IMPLEMENTATIONS = YES;
				CLANG_WARN_DIRECT_OBJC_ISA_USAGE = YES_ERROR;
				CLANG_WARN_DOCUMENTATION_COMMENTS = YES;
				CLANG_WARN_EMPTY_BODY = YES;
				CLANG_WARN_ENUM_CONVERSION = YES;
				CLANG_WARN_INFINITE_RECURSION = YES;
				CLANG_WARN_INT_CONVERSION = YES;
				CLANG_WARN_NON_LITERAL_NULL_CONVERSION = YES;
				CLANG_WARN_OBJC_IMPLICIT_RETAIN_SELF = YES;
				CLANG_WARN_OBJC_LITERAL_CONVERSION = YES;
				CLANG_WARN_OBJC_ROOT_CLASS = YES_ERROR;
				CLANG_WARN_QUOTED_INCLUDE_IN_FRAMEWORK_HEADER = YES;
				CLANG_WARN_RANGE_LOOP_ANALYSIS = YES;
				CLANG_WARN_STRICT_PROTOTYPES = YES;
				CLANG_WARN_SUSPICIOUS_MOVE = YES;
				CLANG_WARN_UNGUARDED_AVAILABILITY = YES_AGGRESSIVE;
				CLANG_WARN_UNREACHABLE_CODE = YES;
				CLANG_WARN__DUPLICATE_METHOD_MATCH = YES;
				CODE_SIGN_IDENTITY = "iPhone Developer";
				COPY_PHASE_STRIP = NO;
				DEBUG_INFORMATION_FORMAT = dwarf;
				DEFINES_MODULE = YES;
				ENABLE_BITCODE = NO;
				ENABLE_STRICT_OBJC_MSGSEND = YES;
				ENABLE_TESTABILITY = YES;
				"EXCLUDED_ARCHS[sdk=iphonesimulator*]" = arm64;
				GCC_C_LANGUAGE_STANDARD = gnu11;
				GCC_DYNAMIC_NO_PIC = NO;
				GCC_NO_COMMON_BLOCKS = YES;
				GCC_OPTIMIZATION_LEVEL = 0;
				GCC_PREPROCESSOR_DEFINITIONS = (
					"DEBUG=1",
					"$(inherited)",
				);
				GCC_WARN_64_TO_32_BIT_CONVERSION = YES;
				GCC_WARN_ABOUT_RETURN_TYPE = YES_ERROR;
				GCC_WARN_UNDECLARED_SELECTOR = YES;
				GCC_WARN_UNINITIALIZED_AUTOS = YES_AGGRESSIVE;
				GCC_WARN_UNUSED_FUNCTION = YES;
				GCC_WARN_UNUSED_VARIABLE = YES;
				IPHONEOS_DEPLOYMENT_TARGET = 12.0;
				MTL_ENABLE_DEBUG_INFO = INCLUDE_SOURCE;
				MTL_FAST_MATH = YES;
				ONLY_ACTIVE_ARCH = YES;
				OTHER_LDFLAGS = "";
				SDKROOT = iphoneos;
			};
			name = Debug;
		};
		71D6962E23926E3700D092BA /* Release */ = {
			isa = XCBuildConfiguration;
			buildSettings = {
				ALWAYS_EMBED_SWIFT_STANDARD_LIBRARIES = YES;
				ALWAYS_SEARCH_USER_PATHS = NO;
				ARCHS = "$(ARCHS_STANDARD)";
				CLANG_ANALYZER_LOCALIZABILITY_NONLOCALIZED = YES;
				CLANG_ANALYZER_NONNULL = YES;
				CLANG_ANALYZER_NUMBER_OBJECT_CONVERSION = YES_AGGRESSIVE;
				CLANG_CXX_LANGUAGE_STANDARD = "gnu++14";
				CLANG_CXX_LIBRARY = "libc++";
				CLANG_ENABLE_MODULES = YES;
				CLANG_ENABLE_OBJC_ARC = YES;
				CLANG_ENABLE_OBJC_WEAK = YES;
				CLANG_WARN_BLOCK_CAPTURE_AUTORELEASING = YES;
				CLANG_WARN_BOOL_CONVERSION = YES;
				CLANG_WARN_COMMA = YES;
				CLANG_WARN_CONSTANT_CONVERSION = YES;
				CLANG_WARN_DEPRECATED_OBJC_IMPLEMENTATIONS = YES;
				CLANG_WARN_DIRECT_OBJC_ISA_USAGE = YES_ERROR;
				CLANG_WARN_DOCUMENTATION_COMMENTS = YES;
				CLANG_WARN_EMPTY_BODY = YES;
				CLANG_WARN_ENUM_CONVERSION = YES;
				CLANG_WARN_INFINITE_RECURSION = YES;
				CLANG_WARN_INT_CONVERSION = YES;
				CLANG_WARN_NON_LITERAL_NULL_CONVERSION = YES;
				CLANG_WARN_OBJC_IMPLICIT_RETAIN_SELF = YES;
				CLANG_WARN_OBJC_LITERAL_CONVERSION = YES;
				CLANG_WARN_OBJC_ROOT_CLASS = YES_ERROR;
				CLANG_WARN_QUOTED_INCLUDE_IN_FRAMEWORK_HEADER = YES;
				CLANG_WARN_RANGE_LOOP_ANALYSIS = YES;
				CLANG_WARN_STRICT_PROTOTYPES = YES;
				CLANG_WARN_SUSPICIOUS_MOVE = YES;
				CLANG_WARN_UNGUARDED_AVAILABILITY = YES_AGGRESSIVE;
				CLANG_WARN_UNREACHABLE_CODE = YES;
				CLANG_WARN__DUPLICATE_METHOD_MATCH = YES;
				CODE_SIGN_IDENTITY = "iPhone Developer";
				COPY_PHASE_STRIP = NO;
				DEBUG_INFORMATION_FORMAT = "dwarf-with-dsym";
				DEFINES_MODULE = YES;
				ENABLE_BITCODE = NO;
				ENABLE_NS_ASSERTIONS = NO;
				ENABLE_STRICT_OBJC_MSGSEND = YES;
				"EXCLUDED_ARCHS[sdk=iphonesimulator*]" = arm64;
				GCC_C_LANGUAGE_STANDARD = gnu11;
				GCC_NO_COMMON_BLOCKS = YES;
				GCC_WARN_64_TO_32_BIT_CONVERSION = YES;
				GCC_WARN_ABOUT_RETURN_TYPE = YES_ERROR;
				GCC_WARN_UNDECLARED_SELECTOR = YES;
				GCC_WARN_UNINITIALIZED_AUTOS = YES_AGGRESSIVE;
				GCC_WARN_UNUSED_FUNCTION = YES;
				GCC_WARN_UNUSED_VARIABLE = YES;
				IPHONEOS_DEPLOYMENT_TARGET = 12.0;
				MTL_ENABLE_DEBUG_INFO = NO;
				MTL_FAST_MATH = YES;
				ONLY_ACTIVE_ARCH = YES;
				OTHER_LDFLAGS = "";
				SDKROOT = iphoneos;
				SWIFT_COMPILATION_MODE = wholemodule;
				VALIDATE_PRODUCT = YES;
			};
			name = Release;
		};
		71D6963023926E3700D092BA /* Debug */ = {
			isa = XCBuildConfiguration;
			baseConfigurationReference = DE5455F84CCB2C45ED689AA0 /* Pods-TangSengDaoDaoiOSBase-TangSengDaoDaoiOS.debug.xcconfig */;
			buildSettings = {
				ASSETCATALOG_COMPILER_APPICON_NAME = AppIcon;
				CLANG_ENABLE_MODULES = YES;
				CLANG_ENABLE_OBJC_WEAK = YES;
				CODE_SIGN_ENTITLEMENTS = TangSengDaoDao/TangSengDaoDao.entitlements;
				CODE_SIGN_IDENTITY = "Apple Development";
				CODE_SIGN_STYLE = Automatic;
				CURRENT_PROJECT_VERSION = 1;
				DEFINES_MODULE = YES;
				DEVELOPMENT_TEAM = H8PU463W68;
				ENABLE_BITCODE = NO;
				FRAMEWORK_SEARCH_PATHS = (
					"$(inherited)",
					"$(PROJECT_DIR)",
					"$(PROJECT_DIR)/Vendor/WebRTC",
				);
				GCC_INPUT_FILETYPE = automatic;
				INFOPLIST_FILE = TangSengDaoDao/Info.plist;
				INFOPLIST_KEY_CFBundleDisplayName = "唐僧叨叨";
				INFOPLIST_KEY_LSApplicationCategoryType = "public.app-category.social-networking";
				IPHONEOS_DEPLOYMENT_TARGET = 12.0;
				LD_RUNPATH_SEARCH_PATHS = (
					"$(inherited)",
					"@executable_path/Frameworks",
				);
				LIBRARY_SEARCH_PATHS = (
					"$(inherited)",
					"$(PROJECT_DIR)",
				);
				MARKETING_VERSION = 1.0.0;
				OTHER_LDFLAGS = (
					"$(inherited)",
					"-Objc",
					"-l\"sqlite3\"",
					"-l\"z\"",
					"-framework",
					"\"AFNetworking\"",
					"-framework",
					"\"Accelerate\"",
					"-framework",
					"\"AssetsLibrary\"",
					"-framework",
					"\"CFNetwork\"",
					"-framework",
					"\"CocoaAsyncSocket\"",
					"-framework",
					"\"CocoaLumberjack\"",
					"-framework",
					"\"CoreFoundation\"",
					"-framework",
					"\"CoreGraphics\"",
					"-framework",
					"\"CoreText\"",
					"-framework",
					"\"FMDB\"",
					"-framework",
					"\"Foundation\"",
					"-framework",
					"\"ImageIO\"",
					"-framework",
					"\"WuKongBase\"",
					"-framework",
					"\"M80AttributedLabel\"",
					"-framework",
					"\"MBProgressHUD\"",
					"-framework",
					"\"MapKit\"",
					"-framework",
					"\"MobileCoreServices\"",
					"-framework",
					"\"Photos\"",
					"-framework",
					"\"PromiseKit\"",
					"-framework",
					"\"QuartzCore\"",
					"-framework",
					"\"SDWebImage\"",
					"-framework",
					"\"Security\"",
					"-framework",
					"\"SystemConfiguration\"",
					"-framework",
					"\"TZImagePickerController\"",
					"-framework",
					"\"Toast\"",
					"-framework",
					"\"UIKit\"",
					"-framework",
					"\"YBImageBrowser\"",
					"-framework",
					"\"YYImage\"",
					"-framework",
					"\"WuKongIMSDK\"",
				);
				PRODUCT_BUNDLE_IDENTIFIER = com.xinbida.tangsengdaodao;
				PRODUCT_NAME = TangSengDaoDao;
				PROVISIONING_PROFILE_SPECIFIER = "";
				SUPPORTED_PLATFORMS = "iphoneos iphonesimulator";
				SUPPORTS_MACCATALYST = NO;
				SUPPORTS_MAC_DESIGNED_FOR_IPHONE_IPAD = NO;
				SWIFT_OBJC_BRIDGING_HEADER = "TangSengDaoDao-Bridging-Header.h";
				SWIFT_OPTIMIZATION_LEVEL = "-Onone";
				SWIFT_VERSION = 5.0;
				TARGETED_DEVICE_FAMILY = 1;
			};
			name = Debug;
		};
		71D6963123926E3700D092BA /* Release */ = {
			isa = XCBuildConfiguration;
			baseConfigurationReference = 71018ED405ABC6ED8448075E /* Pods-TangSengDaoDaoiOSBase-TangSengDaoDaoiOS.release.xcconfig */;
			buildSettings = {
				ASSETCATALOG_COMPILER_APPICON_NAME = AppIcon;
				CLANG_ENABLE_MODULES = YES;
				CLANG_ENABLE_OBJC_WEAK = YES;
				CODE_SIGN_ENTITLEMENTS = TangSengDaoDao/TangSengDaoDao.entitlements;
				CODE_SIGN_IDENTITY = "Apple Development";
				CODE_SIGN_STYLE = Automatic;
				CURRENT_PROJECT_VERSION = 1;
				DEFINES_MODULE = YES;
				DEVELOPMENT_TEAM = H8PU463W68;
				ENABLE_BITCODE = NO;
				FRAMEWORK_SEARCH_PATHS = (
					"$(inherited)",
					"$(PROJECT_DIR)",
					"$(PROJECT_DIR)/Vendor/WebRTC",
				);
				GCC_INPUT_FILETYPE = automatic;
				INFOPLIST_FILE = TangSengDaoDao/Info.plist;
				INFOPLIST_KEY_CFBundleDisplayName = "唐僧叨叨";
				INFOPLIST_KEY_LSApplicationCategoryType = "public.app-category.social-networking";
				IPHONEOS_DEPLOYMENT_TARGET = 12.0;
				LD_RUNPATH_SEARCH_PATHS = (
					"$(inherited)",
					"@executable_path/Frameworks",
				);
				LIBRARY_SEARCH_PATHS = (
					"$(inherited)",
					"$(PROJECT_DIR)",
				);
				MARKETING_VERSION = 1.0.0;
				OTHER_LDFLAGS = (
					"$(inherited)",
					"-Objc",
					"-l\"sqlite3\"",
					"-l\"z\"",
					"-framework",
					"\"AFNetworking\"",
					"-framework",
					"\"Accelerate\"",
					"-framework",
					"\"AssetsLibrary\"",
					"-framework",
					"\"CFNetwork\"",
					"-framework",
					"\"CocoaAsyncSocket\"",
					"-framework",
					"\"CocoaLumberjack\"",
					"-framework",
					"\"CoreFoundation\"",
					"-framework",
					"\"CoreGraphics\"",
					"-framework",
					"\"CoreText\"",
					"-framework",
					"\"FMDB\"",
					"-framework",
					"\"Foundation\"",
					"-framework",
					"\"ImageIO\"",
					"-framework",
					"\"WuKongBase\"",
					"-framework",
					"\"M80AttributedLabel\"",
					"-framework",
					"\"MBProgressHUD\"",
					"-framework",
					"\"MapKit\"",
					"-framework",
					"\"MobileCoreServices\"",
					"-framework",
					"\"Photos\"",
					"-framework",
					"\"PromiseKit\"",
					"-framework",
					"\"QuartzCore\"",
					"-framework",
					"\"SDWebImage\"",
					"-framework",
					"\"Security\"",
					"-framework",
					"\"SystemConfiguration\"",
					"-framework",
					"\"TZImagePickerController\"",
					"-framework",
					"\"Toast\"",
					"-framework",
					"\"UIKit\"",
					"-framework",
					"\"YBImageBrowser\"",
					"-framework",
					"\"YYImage\"",
					"-framework",
					"\"WuKongIMSDK\"",
				);
				PRODUCT_BUNDLE_IDENTIFIER = com.xinbida.tangsengdaodao;
				PRODUCT_NAME = TangSengDaoDao;
				PROVISIONING_PROFILE_SPECIFIER = "";
				SUPPORTED_PLATFORMS = "iphoneos iphonesimulator";
				SUPPORTS_MACCATALYST = NO;
				SUPPORTS_MAC_DESIGNED_FOR_IPHONE_IPAD = NO;
				SWIFT_OBJC_BRIDGING_HEADER = "TangSengDaoDao-Bridging-Header.h";
				SWIFT_VERSION = 5.0;
				TARGETED_DEVICE_FAMILY = 1;
			};
			name = Release;
		};
/* End XCBuildConfiguration section */

/* Begin XCConfigurationList section */
		7130BFCA24C6817600B9E04B /* Build configuration list for PBXNativeTarget "NotificationService" */ = {
			isa = XCConfigurationList;
			buildConfigurations = (
				7130BFCB24C6817600B9E04B /* Debug */,
				7130BFCC24C6817600B9E04B /* Release */,
			);
			defaultConfigurationIsVisible = 0;
			defaultConfigurationName = Release;
		};
		7130BFE224C6832F00B9E04B /* Build configuration list for PBXNativeTarget "NotificationContent" */ = {
			isa = XCConfigurationList;
			buildConfigurations = (
				7130BFE324C6832F00B9E04B /* Debug */,
				7130BFE424C6832F00B9E04B /* Release */,
			);
			defaultConfigurationIsVisible = 0;
			defaultConfigurationName = Release;
		};
		71D695FE23926E3500D092BA /* Build configuration list for PBXProject "TangSengDaoDaoiOS" */ = {
			isa = XCConfigurationList;
			buildConfigurations = (
				71D6962D23926E3700D092BA /* Debug */,
				71D6962E23926E3700D092BA /* Release */,
			);
			defaultConfigurationIsVisible = 0;
			defaultConfigurationName = Release;
		};
		71D6962F23926E3700D092BA /* Build configuration list for PBXNativeTarget "TangSengDaoDaoiOS" */ = {
			isa = XCConfigurationList;
			buildConfigurations = (
				71D6963023926E3700D092BA /* Debug */,
				71D6963123926E3700D092BA /* Release */,
			);
			defaultConfigurationIsVisible = 0;
			defaultConfigurationName = Release;
		};
/* End XCConfigurationList section */
	};
	rootObject = 71D695FB23926E3500D092BA /* Project object */;
}
